
Microsoft Visual Studio Solution File, Format Version 12.00
# Visual Studio Version 17
VisualStudioVersion = 17.0.31903.59
MinimumVisualStudioVersion = 10.0.40219.1
Project("{2150E333-8FDC-42A3-9474-1A3956D46DE8}") = "src", "src", "{7385D99A-7490-4221-9648-D6AD778E2DBC}"
EndProject
Project("{FAE04EC0-301F-11D3-BF4B-00C04F79EFBC}") = "MillenovaDeployConsole.App", "src\MillenovaDeployConsole.App\MillenovaDeployConsole.App.csproj", "{BF84DE43-01CC-4A25-A4DF-42E9E1907072}"
EndProject
Project("{FAE04EC0-301F-11D3-BF4B-00C04F79EFBC}") = "MillenovaDeployConsole.Core", "src\MillenovaDeployConsole.Core\MillenovaDeployConsole.Core.csproj", "{AEC4F7C8-1E09-4CF2-80EF-459385F427DB}"
EndProject
Project("{FAE04EC0-301F-11D3-BF4B-00C04F79EFBC}") = "MillenovaDeployConsole.Infrastructure", "src\MillenovaDeployConsole.Infrastructure\MillenovaDeployConsole.Infrastructure.csproj", "{C02C78DD-9278-45D2-B810-918EA742ADB8}"
EndProject
Project("{FAE04EC0-301F-11D3-BF4B-00C04F79EFBC}") = "MillenovaDeployConsole.WslBridge", "src\MillenovaDeployConsole.WslBridge\MillenovaDeployConsole.WslBridge.csproj", "{6E1A44F8-C477-43F0-8814-DC08A5DB290B}"
EndProject
Project("{2150E333-8FDC-42A3-9474-1A3956D46DE8}") = "tests", "tests", "{A6EB7D38-DF43-4F43-9A87-C820EB2E1133}"
EndProject
Project("{FAE04EC0-301F-11D3-BF4B-00C04F79EFBC}") = "MillenovaDeployConsole.Core.Tests", "tests\MillenovaDeployConsole.Core.Tests\MillenovaDeployConsole.Core.Tests.csproj", "{3C3B9767-DE3A-49BD-9C8C-8B12ADFEA73A}"
EndProject
Project("{FAE04EC0-301F-11D3-BF4B-00C04F79EFBC}") = "MillenovaDeployConsole.Infrastructure.Tests", "tests\MillenovaDeployConsole.Infrastructure.Tests\MillenovaDeployConsole.Infrastructure.Tests.csproj", "{E462431D-B068-4C82-99A4-4861CDDED854}"
EndProject
Global
	GlobalSection(SolutionConfigurationPlatforms) = preSolution
		Debug|Any CPU = Debug|Any CPU
		Release|Any CPU = Release|Any CPU
	EndGlobalSection
	GlobalSection(SolutionProperties) = preSolution
		HideSolutionNode = FALSE
	EndGlobalSection
	GlobalSection(ProjectConfigurationPlatforms) = postSolution
		{BF84DE43-01CC-4A25-A4DF-42E9E1907072}.Debug|Any CPU.ActiveCfg = Debug|Any CPU
		{BF84DE43-01CC-4A25-A4DF-42E9E1907072}.Debug|Any CPU.Build.0 = Debug|Any CPU
		{BF84DE43-01CC-4A25-A4DF-42E9E1907072}.Release|Any CPU.ActiveCfg = Release|Any CPU
		{BF84DE43-01CC-4A25-A4DF-42E9E1907072}.Release|Any CPU.Build.0 = Release|Any CPU
		{AEC4F7C8-1E09-4CF2-80EF-459385F427DB}.Debug|Any CPU.ActiveCfg = Debug|Any CPU
		{AEC4F7C8-1E09-4CF2-80EF-459385F427DB}.Debug|Any CPU.Build.0 = Debug|Any CPU
		{AEC4F7C8-1E09-4CF2-80EF-459385F427DB}.Release|Any CPU.ActiveCfg = Release|Any CPU
		{AEC4F7C8-1E09-4CF2-80EF-459385F427DB}.Release|Any CPU.Build.0 = Release|Any CPU
		{C02C78DD-9278-45D2-B810-918EA742ADB8}.Debug|Any CPU.ActiveCfg = Debug|Any CPU
		{C02C78DD-9278-45D2-B810-918EA742ADB8}.Debug|Any CPU.Build.0 = Debug|Any CPU
		{C02C78DD-9278-45D2-B810-918EA742ADB8}.Release|Any CPU.ActiveCfg = Release|Any CPU
		{C02C78DD-9278-45D2-B810-918EA742ADB8}.Release|Any CPU.Build.0 = Release|Any CPU
		{6E1A44F8-C477-43F0-8814-DC08A5DB290B}.Debug|Any CPU.ActiveCfg = Debug|Any CPU
		{6E1A44F8-C477-43F0-8814-DC08A5DB290B}.Debug|Any CPU.Build.0 = Debug|Any CPU
		{6E1A44F8-C477-43F0-8814-DC08A5DB290B}.Release|Any CPU.ActiveCfg = Release|Any CPU
		{6E1A44F8-C477-43F0-8814-DC08A5DB290B}.Release|Any CPU.Build.0 = Release|Any CPU
		{3C3B9767-DE3A-49BD-9C8C-8B12ADFEA73A}.Debug|Any CPU.ActiveCfg = Debug|Any CPU
		{3C3B9767-DE3A-49BD-9C8C-8B12ADFEA73A}.Debug|Any CPU.Build.0 = Debug|Any CPU
		{3C3B9767-DE3A-49BD-9C8C-8B12ADFEA73A}.Release|Any CPU.ActiveCfg = Release|Any CPU
		{3C3B9767-DE3A-49BD-9C8C-8B12ADFEA73A}.Release|Any CPU.Build.0 = Release|Any CPU
		{E462431D-B068-4C82-99A4-4861CDDED854}.Debug|Any CPU.ActiveCfg = Debug|Any CPU
		{E462431D-B068-4C82-99A4-4861CDDED854}.Debug|Any CPU.Build.0 = Debug|Any CPU
		{E462431D-B068-4C82-99A4-4861CDDED854}.Release|Any CPU.ActiveCfg = Release|Any CPU
		{E462431D-B068-4C82-99A4-4861CDDED854}.Release|Any CPU.Build.0 = Release|Any CPU
	EndGlobalSection
	GlobalSection(NestedProjects) = preSolution
		{BF84DE43-01CC-4A25-A4DF-42E9E1907072} = {7385D99A-7490-4221-9648-D6AD778E2DBC}
		{AEC4F7C8-1E09-4CF2-80EF-459385F427DB} = {7385D99A-7490-4221-9648-D6AD778E2DBC}
		{C02C78DD-9278-45D2-B810-918EA742ADB8} = {7385D99A-7490-4221-9648-D6AD778E2DBC}
		{6E1A44F8-C477-43F0-8814-DC08A5DB290B} = {7385D99A-7490-4221-9648-D6AD778E2DBC}
		{3C3B9767-DE3A-49BD-9C8C-8B12ADFEA73A} = {A6EB7D38-DF43-4F43-9A87-C820EB2E1133}
		{E462431D-B068-4C82-99A4-4861CDDED854} = {A6EB7D38-DF43-4F43-9A87-C820EB2E1133}
	EndGlobalSection
EndGlobal
